
Microsoft Visual Studio Solution File, Format Version 12.00
# Visual Studio Version 17
VisualStudioVersion = 17.14.36915.13
MinimumVisualStudioVersion = 10.0.40219.1
Project("{FAE04EC0-301F-11D3-BF4B-00C04F79EFBC}") = "ADO", "ADO\ADO.csproj", "{E14DC196-6783-4FDF-AA4B-74F95B01A446}"
EndProject
Project("{FAE04EC0-301F-11D3-BF4B-00C04F79EFBC}") = "DBtools", "DBtools\DBtools.csproj", "{01028296-2621-41CE-AA30-5C19BFED2543}"
EndProject
Project("{FAE04EC0-301F-11D3-BF4B-00C04F79EFBC}") = "DLLcheck", "DLLcheck\DLLcheck.csproj", "{03F3000D-748F-4B3D-B229-EBDB96B433D0}"
EndProject
Project("{FAE04EC0-301F-11D3-BF4B-00C04F79EFBC}") = "Academy", "Academy\Academy.csproj", "{EDB3A44E-30A5-4476-A4D0-D3F2B1D02EF6}"
EndProject
Global
	GlobalSection(SolutionConfigurationPlatforms) = preSolution
		Debug|Any CPU = Debug|Any CPU
		Release|Any CPU = Release|Any CPU
	EndGlobalSection
	GlobalSection(ProjectConfigurationPlatforms) = postSolution
		{E14DC196-6783-4FDF-AA4B-74F95B01A446}.Debug|Any CPU.ActiveCfg = Debug|Any CPU
		{E14DC196-6783-4FDF-AA4B-74F95B01A446}.Debug|Any CPU.Build.0 = Debug|Any CPU
		{E14DC196-6783-4FDF-AA4B-74F95B01A446}.Release|Any CPU.ActiveCfg = Release|Any CPU
		{E14DC196-6783-4FDF-AA4B-74F95B01A446}.Release|Any CPU.Build.0 = Release|Any CPU
		{01028296-2621-41CE-AA30-5C19BFED2543}.Debug|Any CPU.ActiveCfg = Debug|Any CPU
		{01028296-2621-41CE-AA30-5C19BFED2543}.Debug|Any CPU.Build.0 = Debug|Any CPU
		{01028296-2621-41CE-AA30-5C19BFED2543}.Release|Any CPU.ActiveCfg = Release|Any CPU
		{01028296-2621-41CE-AA30-5C19BFED2543}.Release|Any CPU.Build.0 = Release|Any CPU
		{03F3000D-748F-4B3D-B229-EBDB96B433D0}.Debug|Any CPU.ActiveCfg = Debug|Any CPU
		{03F3000D-748F-4B3D-B229-EBDB96B433D0}.Debug|Any CPU.Build.0 = Debug|Any CPU
		{03F3000D-748F-4B3D-B229-EBDB96B433D0}.Release|Any CPU.ActiveCfg = Release|Any CPU
		{03F3000D-748F-4B3D-B229-EBDB96B433D0}.Release|Any CPU.Build.0 = Release|Any CPU
		{EDB3A44E-30A5-4476-A4D0-D3F2B1D02EF6}.Debug|Any CPU.ActiveCfg = Debug|Any CPU
		{EDB3A44E-30A5-4476-A4D0-D3F2B1D02EF6}.Debug|Any CPU.Build.0 = Debug|Any CPU
		{EDB3A44E-30A5-4476-A4D0-D3F2B1D02EF6}.Release|Any CPU.ActiveCfg = Release|Any CPU
		{EDB3A44E-30A5-4476-A4D0-D3F2B1D02EF6}.Release|Any CPU.Build.0 = Release|Any CPU
	EndGlobalSection
	GlobalSection(SolutionProperties) = preSolution
		HideSolutionNode = FALSE
	EndGlobalSection
	GlobalSection(ExtensibilityGlobals) = postSolution
		SolutionGuid = {445B2A96-B7C5-4484-9B28-7B56398B8CFE}
	EndGlobalSection
EndGlobal
